
Microsoft Visual Studio Solution File, Format Version 12.00
# Visual Studio 2013
VisualStudioVersion = 12.0.30501.0
MinimumVisualStudioVersion = 10.0.40219.1
Project("{FAE04EC0-301F-11D3-BF4B-00C04F79EFBC}") = "MegamanClone", "MegaManClone\MegaManClone\MegamanClone.csproj", "{C8165071-06E0-480A-BFDF-F66D912E61D4}"
EndProject
Project("{FAE04EC0-301F-11D3-BF4B-00C04F79EFBC}") = "MegamanCloneContent", "MegaManClone\MegaManCloneContent\MegamanCloneContent.contentproj", "{36080234-CFF8-477B-A45C-49E1CE7261D0}"
EndProject
Project("{FAE04EC0-301F-11D3-BF4B-00C04F79EFBC}") = "MegamanTest", "MegaManClone\MegaManTest\MegamanTest.csproj", "{5D1EF14A-178D-4BE8-9325-FB5A026F8832}"
EndProject
Global
	GlobalSection(TeamFoundationVersionControl) = preSolution
		SccNumberOfProjects = 4
		SccEnterpriseProvider = {4CA58AB2-18FA-4F8D-95D4-32DDF27D184C}
		SccTeamFoundationServer = https://ctrlc-ctrlv.visualstudio.com/defaultcollection
		SccLocalPath0 = .
		SccProjectUniqueName1 = MegaManClone\\MegaManClone\\MegamanClone.csproj
		SccProjectName1 = MegaManClone/MegaManClone
		SccLocalPath1 = MegaManClone\\MegaManClone
		SccProjectUniqueName2 = MegaManClone\\MegaManCloneContent\\MegamanCloneContent.contentproj
		SccProjectName2 = MegaManClone/MegaManCloneContent
		SccLocalPath2 = MegaManClone\\MegaManCloneContent
		SccProjectUniqueName3 = MegaManClone\\MegaManTest\\MegamanTest.csproj
		SccProjectName3 = MegaManClone/MegaManTest
		SccLocalPath3 = MegaManClone\\MegaManTest
	EndGlobalSection
	GlobalSection(SolutionConfigurationPlatforms) = preSolution
		Debug|Any CPU = Debug|Any CPU
		Debug|Mixed Platforms = Debug|Mixed Platforms
		Debug|x86 = Debug|x86
		Release|Any CPU = Release|Any CPU
		Release|Mixed Platforms = Release|Mixed Platforms
		Release|x86 = Release|x86
	EndGlobalSection
	GlobalSection(ProjectConfigurationPlatforms) = postSolution
		{C8165071-06E0-480A-BFDF-F66D912E61D4}.Debug|Any CPU.ActiveCfg = Debug|x86
		{C8165071-06E0-480A-BFDF-F66D912E61D4}.Debug|Mixed Platforms.ActiveCfg = Debug|x86
		{C8165071-06E0-480A-BFDF-F66D912E61D4}.Debug|Mixed Platforms.Build.0 = Debug|x86
		{C8165071-06E0-480A-BFDF-F66D912E61D4}.Debug|x86.ActiveCfg = Debug|x86
		{C8165071-06E0-480A-BFDF-F66D912E61D4}.Debug|x86.Build.0 = Debug|x86
		{C8165071-06E0-480A-BFDF-F66D912E61D4}.Release|Any CPU.ActiveCfg = Release|x86
		{C8165071-06E0-480A-BFDF-F66D912E61D4}.Release|Mixed Platforms.ActiveCfg = Release|x86
		{C8165071-06E0-480A-BFDF-F66D912E61D4}.Release|Mixed Platforms.Build.0 = Release|x86
		{C8165071-06E0-480A-BFDF-F66D912E61D4}.Release|x86.ActiveCfg = Release|x86
		{C8165071-06E0-480A-BFDF-F66D912E61D4}.Release|x86.Build.0 = Release|x86
		{36080234-CFF8-477B-A45C-49E1CE7261D0}.Debug|Any CPU.ActiveCfg = Debug|x86
		{36080234-CFF8-477B-A45C-49E1CE7261D0}.Debug|Mixed Platforms.ActiveCfg = Debug|x86
		{36080234-CFF8-477B-A45C-49E1CE7261D0}.Debug|x86.ActiveCfg = Debug|x86
		{36080234-CFF8-477B-A45C-49E1CE7261D0}.Release|Any CPU.ActiveCfg = Release|x86
		{36080234-CFF8-477B-A45C-49E1CE7261D0}.Release|Mixed Platforms.ActiveCfg = Release|x86
		{36080234-CFF8-477B-A45C-49E1CE7261D0}.Release|x86.ActiveCfg = Release|x86
		{5D1EF14A-178D-4BE8-9325-FB5A026F8832}.Debug|Any CPU.ActiveCfg = Debug|Any CPU
		{5D1EF14A-178D-4BE8-9325-FB5A026F8832}.Debug|Any CPU.Build.0 = Debug|Any CPU
		{5D1EF14A-178D-4BE8-9325-FB5A026F8832}.Debug|Mixed Platforms.ActiveCfg = Debug|Any CPU
		{5D1EF14A-178D-4BE8-9325-FB5A026F8832}.Debug|Mixed Platforms.Build.0 = Debug|Any CPU
		{5D1EF14A-178D-4BE8-9325-FB5A026F8832}.Debug|x86.ActiveCfg = Debug|Any CPU
		{5D1EF14A-178D-4BE8-9325-FB5A026F8832}.Debug|x86.Build.0 = Debug|Any CPU
		{5D1EF14A-178D-4BE8-9325-FB5A026F8832}.Release|Any CPU.ActiveCfg = Release|Any CPU
		{5D1EF14A-178D-4BE8-9325-FB5A026F8832}.Release|Any CPU.Build.0 = Release|Any CPU
		{5D1EF14A-178D-4BE8-9325-FB5A026F8832}.Release|Mixed Platforms.ActiveCfg = Release|Any CPU
		{5D1EF14A-178D-4BE8-9325-FB5A026F8832}.Release|Mixed Platforms.Build.0 = Release|Any CPU
		{5D1EF14A-178D-4BE8-9325-FB5A026F8832}.Release|x86.ActiveCfg = Release|Any CPU
	EndGlobalSection
	GlobalSection(SolutionProperties) = preSolution
		HideSolutionNode = FALSE
	EndGlobalSection
EndGlobal
